
Microsoft Visual Studio Solution File, Format Version 12.00
# Visual Studio 15
Project("{FAE04EC0-301F-11D3-BF4B-00C04F79EFBC}") = "Assembly-CSharp", "Assembly-CSharp.csproj", "{448DB8B4-71D0-F41D-886D-FECAC7B1F481}"
EndProject
Project("{FAE04EC0-301F-11D3-BF4B-00C04F79EFBC}") = "Meryel.CodeAssist.Editor", "Meryel.CodeAssist.Editor.csproj", "{D2C88F3C-ABE8-09A3-B92D-E78ED68F6D57}"
EndProject
Global
	GlobalSection(SolutionConfigurationPlatforms) = preSolution
		Debug|Any CPU = Debug|Any CPU
		Release|Any CPU = Release|Any CPU
	EndGlobalSection
	GlobalSection(ProjectConfigurationPlatforms) = postSolution
		{448DB8B4-71D0-F41D-886D-FECAC7B1F481}.Debug|Any CPU.ActiveCfg = Debug|Any CPU
		{448DB8B4-71D0-F41D-886D-FECAC7B1F481}.Debug|Any CPU.Build.0 = Debug|Any CPU
		{448DB8B4-71D0-F41D-886D-FECAC7B1F481}.Release|Any CPU.ActiveCfg = Release|Any CPU
		{448DB8B4-71D0-F41D-886D-FECAC7B1F481}.Release|Any CPU.Build.0 = Release|Any CPU
		{D2C88F3C-ABE8-09A3-B92D-E78ED68F6D57}.Debug|Any CPU.ActiveCfg = Debug|Any CPU
		{D2C88F3C-ABE8-09A3-B92D-E78ED68F6D57}.Debug|Any CPU.Build.0 = Debug|Any CPU
		{D2C88F3C-ABE8-09A3-B92D-E78ED68F6D57}.Release|Any CPU.ActiveCfg = Release|Any CPU
		{D2C88F3C-ABE8-09A3-B92D-E78ED68F6D57}.Release|Any CPU.Build.0 = Release|Any CPU
	EndGlobalSection
	GlobalSection(SolutionProperties) = preSolution
		HideSolutionNode = FALSE
	EndGlobalSection
EndGlobal
